# generated by rye
# use `rye lock` or `rye sync` to update this lockfile
#
# last locked with the following flags:
#   pre: false
#   features: []
#   all-features: false
#   with-sources: false

-e file:.
cocos2d==0.6.10
    # via asteroid-smash
numpy==1.26.4
    # via asteroid-smash
pyglet==1.5.28
    # via cocos2d
six==1.16.0
    # via cocos2d
